
Microsoft Visual Studio Solution File, Format Version 12.00
# Visual Studio 2012
Project("{FAE04EC0-301F-11D3-BF4B-00C04F79EFBC}") = "Contribute.eid.poc", "Contribute.eid.poc\Contribute.eid.poc.csproj", "{1D88C9C9-8B69-4D74-8A0A-B17B7B23DC9A}"
EndProject
Project("{FAE04EC0-301F-11D3-BF4B-00C04F79EFBC}") = "Contribute.eid.poc.Tests", "Contribute.eid.poc.Tests\Contribute.eid.poc.Tests.csproj", "{37FA9387-23E2-46B7-AC92-1AA806BB5AFC}"
EndProject
Global
	GlobalSection(SolutionConfigurationPlatforms) = preSolution
		Debug|Any CPU = Debug|Any CPU
		Release|Any CPU = Release|Any CPU
	EndGlobalSection
	GlobalSection(ProjectConfigurationPlatforms) = postSolution
		{1D88C9C9-8B69-4D74-8A0A-B17B7B23DC9A}.Debug|Any CPU.ActiveCfg = Debug|Any CPU
		{1D88C9C9-8B69-4D74-8A0A-B17B7B23DC9A}.Debug|Any CPU.Build.0 = Debug|Any CPU
		{1D88C9C9-8B69-4D74-8A0A-B17B7B23DC9A}.Release|Any CPU.ActiveCfg = Release|Any CPU
		{1D88C9C9-8B69-4D74-8A0A-B17B7B23DC9A}.Release|Any CPU.Build.0 = Release|Any CPU
		{37FA9387-23E2-46B7-AC92-1AA806BB5AFC}.Debug|Any CPU.ActiveCfg = Debug|Any CPU
		{37FA9387-23E2-46B7-AC92-1AA806BB5AFC}.Debug|Any CPU.Build.0 = Debug|Any CPU
		{37FA9387-23E2-46B7-AC92-1AA806BB5AFC}.Release|Any CPU.ActiveCfg = Release|Any CPU
		{37FA9387-23E2-46B7-AC92-1AA806BB5AFC}.Release|Any CPU.Build.0 = Release|Any CPU
	EndGlobalSection
	GlobalSection(SolutionProperties) = preSolution
		HideSolutionNode = FALSE
	EndGlobalSection
EndGlobal
